// !$*UTF8*$!
{
	archiveVersion = 1;
	classes = {
	};
	objectVersion = 50;
	objects = {

/* Begin PBXBuildFile section */
		272F1F662191707B00D91831 /* AppDelegate.m in Sources */ = {isa = PBXBuildFile; fileRef = 272F1F652191707B00D91831 /* AppDelegate.m */; };
		272F1F692191707B00D91831 /* ViewController.m in Sources */ = {isa = PBXBuildFile; fileRef = 272F1F682191707B00D91831 /* ViewController.m */; };
		272F1F6C2191707B00D91831 /* Main.storyboard in Resources */ = {isa = PBXBuildFile; fileRef = 272F1F6A2191707B00D91831 /* Main.storyboard */; };
		272F1F6E2191707C00D91831 /* Assets.xcassets in Resources */ = {isa = PBXBuildFile; fileRef = 272F1F6D2191707C00D91831 /* Assets.xcassets */; };
		272F1F712191707C00D91831 /* LaunchScreen.storyboard in Resources */ = {isa = PBXBuildFile; fileRef = 272F1F6F2191707C00D91831 /* LaunchScreen.storyboard */; };
		272F1F742191707C00D91831 /* main.m in Sources */ = {isa = PBXBuildFile; fileRef = 272F1F732191707C00D91831 /* main.m */; };
		272F1F7E2191707C00D91831 /* DouyinTests.m in Sources */ = {isa = PBXBuildFile; fileRef = 272F1F7D2191707C00D91831 /* DouyinTests.m */; };
		272F1F892191707C00D91831 /* DouyinUITests.m in Sources */ = {isa = PBXBuildFile; fileRef = 272F1F882191707C00D91831 /* DouyinUITests.m */; };
/* End PBXBuildFile section */

/* Begin PBXContainerItemProxy section */
		272F1F7A2191707C00D91831 /* PBXContainerItemProxy */ = {
			isa = PBXContainerItemProxy;
			containerPortal = 272F1F592191707B00D91831 /* Project object */;
			proxyType = 1;
			remoteGlobalIDString = 272F1F602191707B00D91831;
			remoteInfo = Douyin;
		};
		272F1F852191707C00D91831 /* PBXContainerItemProxy */ = {
			isa = PBXContainerItemProxy;
			containerPortal = 272F1F592191707B00D91831 /* Project object */;
			proxyType = 1;
			remoteGlobalIDString = 272F1F602191707B00D91831;
			remoteInfo = Douyin;
		};
/* End PBXContainerItemProxy section */

/* Begin PBXFileReference section */
		272F1F612191707B00D91831 /* Douyin.app */ = {isa = PBXFileReference; explicitFileType = wrapper.application; includeInIndex = 0; path = Douyin.app; sourceTree = BUILT_PRODUCTS_DIR; };
		272F1F642191707B00D91831 /* AppDelegate.h */ = {isa = PBXFileReference; lastKnownFileType = sourcecode.c.h; path = AppDelegate.h; sourceTree = "<group>"; };
		272F1F652191707B00D91831 /* AppDelegate.m */ = {isa = PBXFileReference; lastKnownFileType = sourcecode.c.objc; path = AppDelegate.m; sourceTree = "<group>"; };
		272F1F672191707B00D91831 /* ViewController.h */ = {isa = PBXFileReference; lastKnownFileType = sourcecode.c.h; path = ViewController.h; sourceTree = "<group>"; };
		272F1F682191707B00D91831 /* ViewController.m */ = {isa = PBXFileReference; lastKnownFileType = sourcecode.c.objc; path = ViewController.m; sourceTree = "<group>"; };
		272F1F6B2191707B00D91831 /* Base */ = {isa = PBXFileReference; lastKnownFileType = file.storyboard; name = Base; path = Base.lproj/Main.storyboard; sourceTree = "<group>"; };
		272F1F6D2191707C00D91831 /* Assets.xcassets */ = {isa = PBXFileReference; lastKnownFileType = folder.assetcatalog; path = Assets.xcassets; sourceTree = "<group>"; };
		272F1F702191707C00D91831 /* Base */ = {isa = PBXFileReference; lastKnownFileType = file.storyboard; name = Base; path = Base.lproj/LaunchScreen.storyboard; sourceTree = "<group>"; };
		272F1F722191707C00D91831 /* Info.plist */ = {isa = PBXFileReference; lastKnownFileType = text.plist.xml; path = Info.plist; sourceTree = "<group>"; };
		272F1F732191707C00D91831 /* main.m */ = {isa = PBXFileReference; lastKnownFileType = sourcecode.c.objc; path = main.m; sourceTree = "<group>"; };
		272F1F792191707C00D91831 /* DouyinTests.xctest */ = {isa = PBXFileReference; explicitFileType = wrapper.cfbundle; includeInIndex = 0; path = DouyinTests.xctest; sourceTree = BUILT_PRODUCTS_DIR; };
		272F1F7D2191707C00D91831 /* DouyinTests.m */ = {isa = PBXFileReference; lastKnownFileType = sourcecode.c.objc; path = DouyinTests.m; sourceTree = "<group>"; };
		272F1F7F2191707C00D91831 /* Info.plist */ = {isa = PBXFileReference; lastKnownFileType = text.plist.xml; path = Info.plist; sourceTree = "<group>"; };
		272F1F842191707C00D91831 /* DouyinUITests.xctest */ = {isa = PBXFileReference; explicitFileType = wrapper.cfbundle; includeInIndex = 0; path = DouyinUITests.xctest; sourceTree = BUILT_PRODUCTS_DIR; };
		272F1F882191707C00D91831 /* DouyinUITests.m */ = {isa = PBXFileReference; lastKnownFileType = sourcecode.c.objc; path = DouyinUITests.m; sourceTree = "<group>"; };
		272F1F8A2191707C00D91831 /* Info.plist */ = {isa = PBXFileReference; lastKnownFileType = text.plist.xml; path = Info.plist; sourceTree = "<group>"; };
/* End PBXFileReference section */

/* Begin PBXFrameworksBuildPhase section */
		272F1F5E2191707B00D91831 /* Frameworks */ = {
			isa = PBXFrameworksBuildPhase;
			buildActionMask = 2147483647;
			files = (
			);
			runOnlyForDeploymentPostprocessing = 0;
		};
		272F1F762191707C00D91831 /* Frameworks */ = {
			isa = PBXFrameworksBuildPhase;
			buildActionMask = 2147483647;
			files = (
			);
			runOnlyForDeploymentPostprocessing = 0;
		};
		272F1F812191707C00D91831 /* Frameworks */ = {
			isa = PBXFrameworksBuildPhase;
			buildActionMask = 2147483647;
			files = (
			);
			runOnlyForDeploymentPostprocessing = 0;
		};
/* End PBXFrameworksBuildPhase section */

/* Begin PBXGroup section */
		272F1F582191707B00D91831 = {
			isa = PBXGroup;
			children = (
				272F1F632191707B00D91831 /* Douyin */,
				272F1F7C2191707C00D91831 /* DouyinTests */,
				272F1F872191707C00D91831 /* DouyinUITests */,
				272F1F622191707B00D91831 /* Products */,
			);
			sourceTree = "<group>";
		};
		272F1F622191707B00D91831 /* Products */ = {
			isa = PBXGroup;
			children = (
				272F1F612191707B00D91831 /* Douyin.app */,
				272F1F792191707C00D91831 /* DouyinTests.xctest */,
				272F1F842191707C00D91831 /* DouyinUITests.xctest */,
			);
			name = Products;
			sourceTree = "<group>";
		};
		272F1F632191707B00D91831 /* Douyin */ = {
			isa = PBXGroup;
			children = (
				272F1F642191707B00D91831 /* AppDelegate.h */,
				272F1F652191707B00D91831 /* AppDelegate.m */,
				272F1F672191707B00D91831 /* ViewController.h */,
				272F1F682191707B00D91831 /* ViewController.m */,
				272F1F6A2191707B00D91831 /* Main.storyboard */,
				272F1F6D2191707C00D91831 /* Assets.xcassets */,
				272F1F6F2191707C00D91831 /* LaunchScreen.storyboard */,
				272F1F722191707C00D91831 /* Info.plist */,
				272F1F732191707C00D91831 /* main.m */,
			);
			path = Douyin;
			sourceTree = "<group>";
		};
		272F1F7C2191707C00D91831 /* DouyinTests */ = {
			isa = PBXGroup;
			children = (
				272F1F7D2191707C00D91831 /* DouyinTests.m */,
				272F1F7F2191707C00D91831 /* Info.plist */,
			);
			path = DouyinTests;
			sourceTree = "<group>";
		};
		272F1F872191707C00D91831 /* DouyinUITests */ = {
			isa = PBXGroup;
			children = (
				272F1F882191707C00D91831 /* DouyinUITests.m */,
				272F1F8A2191707C00D91831 /* Info.plist */,
			);
			path = DouyinUITests;
			sourceTree = "<group>";
		};
/* End PBXGroup section */

/* Begin PBXNativeTarget section */
		272F1F602191707B00D91831 /* Douyin */ = {
			isa = PBXNativeTarget;
			buildConfigurationList = 272F1F8D2191707C00D91831 /* Build configuration list for PBXNativeTarget "Douyin" */;
			buildPhases = (
				272F1F5D2191707B00D91831 /* Sources */,
				272F1F5E2191707B00D91831 /* Frameworks */,
				272F1F5F2191707B00D91831 /* Resources */,
			);
			buildRules = (
			);
			dependencies = (
			);
			name = Douyin;
			productName = Douyin;
			productReference = 272F1F612191707B00D91831 /* Douyin.app */;
			productType = "com.apple.product-type.application";
		};
		272F1F782191707C00D91831 /* DouyinTests */ = {
			isa = PBXNativeTarget;
			buildConfigurationList = 272F1F902191707C00D91831 /* Build configuration list for PBXNativeTarget "DouyinTests" */;
			buildPhases = (
				272F1F752191707C00D91831 /* Sources */,
				272F1F762191707C00D91831 /* Frameworks */,
				272F1F772191707C00D91831 /* Resources */,
			);
			buildRules = (
			);
			dependencies = (
				272F1F7B2191707C00D91831 /* PBXTargetDependency */,
			);
			name = DouyinTests;
			productName = DouyinTests;
			productReference = 272F1F792191707C00D91831 /* DouyinTests.xctest */;
			productType = "com.apple.product-type.bundle.unit-test";
		};
		272F1F832191707C00D91831 /* DouyinUITests */ = {
			isa = PBXNativeTarget;
			buildConfigurationList = 272F1F932191707C00D91831 /* Build configuration list for PBXNativeTarget "DouyinUITests" */;
			buildPhases = (
				272F1F802191707C00D91831 /* Sources */,
				272F1F812191707C00D91831 /* Frameworks */,
				272F1F822191707C00D91831 /* Resources */,
			);
			buildRules = (
			);
			dependencies = (
				272F1F862191707C00D91831 /* PBXTargetDependency */,
			);
			name = DouyinUITests;
			productName = DouyinUITests;
			productReference = 272F1F842191707C00D91831 /* DouyinUITests.xctest */;
			productType = "com.apple.product-type.bundle.ui-testing";
		};
/* End PBXNativeTarget section */

/* Begin PBXProject section */
		272F1F592191707B00D91831 /* Project object */ = {
			isa = PBXProject;
			attributes = {
				LastUpgradeCheck = 1010;
				ORGANIZATIONNAME = QiaoLansheng;
				TargetAttributes = {
					272F1F602191707B00D91831 = {
						CreatedOnToolsVersion = 10.1;
					};
					272F1F782191707C00D91831 = {
						CreatedOnToolsVersion = 10.1;
						TestTargetID = 272F1F602191707B00D91831;
					};
					272F1F832191707C00D91831 = {
						CreatedOnToolsVersion = 10.1;
						TestTargetID = 272F1F602191707B00D91831;
					};
				};
			};
			buildConfigurationList = 272F1F5C2191707B00D91831 /* Build configuration list for PBXProject "Douyin" */;
			compatibilityVersion = "Xcode 9.3";
			developmentRegion = en;
			hasScannedForEncodings = 0;
			knownRegions = (
				en,
				Base,
			);
			mainGroup = 272F1F582191707B00D91831;
			productRefGroup = 272F1F622191707B00D91831 /* Products */;
			projectDirPath = "";
			projectRoot = "";
			targets = (
				272F1F602191707B00D91831 /* Douyin */,
				272F1F782191707C00D91831 /* DouyinTests */,
				272F1F832191707C00D91831 /* DouyinUITests */,
			);
		};
/* End PBXProject section */

/* Begin PBXResourcesBuildPhase section */
		272F1F5F2191707B00D91831 /* Resources */ = {
			isa = PBXResourcesBuildPhase;
			buildActionMask = 2147483647;
			files = (
				272F1F712191707C00D91831 /* LaunchScreen.storyboard in Resources */,
				272F1F6E2191707C00D91831 /* Assets.xcassets in Resources */,
				272F1F6C2191707B00D91831 /* Main.storyboard in Resources */,
			);
			runOnlyForDeploymentPostprocessing = 0;
		};
		272F1F772191707C00D91831 /* Resources */ = {
			isa = PBXResourcesBuildPhase;
			buildActionMask = 2147483647;
			files = (
			);
			runOnlyForDeploymentPostprocessing = 0;
		};
		272F1F822191707C00D91831 /* Resources */ = {
			isa = PBXResourcesBuildPhase;
			buildActionMask = 2147483647;
			files = (
			);
			runOnlyForDeploymentPostprocessing = 0;
		};
/* End PBXResourcesBuildPhase section */

/* Begin PBXSourcesBuildPhase section */
		272F1F5D2191707B00D91831 /* Sources */ = {
			isa = PBXSourcesBuildPhase;
			buildActionMask = 2147483647;
			files = (
				272F1F692191707B00D91831 /* ViewController.m in Sources */,
				272F1F742191707C00D91831 /* main.m in Sources */,
				272F1F662191707B00D91831 /* AppDelegate.m in Sources */,
			);
			runOnlyForDeploymentPostprocessing = 0;
		};
		272F1F752191707C00D91831 /* Sources */ = {
			isa = PBXSourcesBuildPhase;
			buildActionMask = 2147483647;
			files = (
				272F1F7E2191707C00D91831 /* DouyinTests.m in Sources */,
			);
			runOnlyForDeploymentPostprocessing = 0;
		};
		272F1F802191707C00D91831 /* Sources */ = {
			isa = PBXSourcesBuildPhase;
			buildActionMask = 2147483647;
			files = (
				272F1F892191707C00D91831 /* DouyinUITests.m in Sources */,
			);
			runOnlyForDeploymentPostprocessing = 0;
		};
/* End PBXSourcesBuildPhase section */

/* Begin PBXTargetDependency section */
		272F1F7B2191707C00D91831 /* PBXTargetDependency */ = {
			isa = PBXTargetDependency;
			target = 272F1F602191707B00D91831 /* Douyin */;
			targetProxy = 272F1F7A2191707C00D91831 /* PBXContainerItemProxy */;
		};
		272F1F862191707C00D91831 /* PBXTargetDependency */ = {
			isa = PBXTargetDependency;
			target = 272F1F602191707B00D91831 /* Douyin */;
			targetProxy = 272F1F852191707C00D91831 /* PBXContainerItemProxy */;
		};
/* End PBXTargetDependency section */

/* Begin PBXVariantGroup section */
		272F1F6A2191707B00D91831 /* Main.storyboard */ = {
			isa = PBXVariantGroup;
			children = (
				272F1F6B2191707B00D91831 /* Base */,
			);
			name = Main.storyboard;
			sourceTree = "<group>";
		};
		272F1F6F2191707C00D91831 /* LaunchScreen.storyboard */ = {
			isa = PBXVariantGroup;
			children = (
				272F1F702191707C00D91831 /* Base */,
			);
			name = LaunchScreen.storyboard;
			sourceTree = "<group>";
		};
/* End PBXVariantGroup section */

/* Begin XCBuildConfiguration section */
		272F1F8B2191707C00D91831 /* Debug */ = {
			isa = XCBuildConfiguration;
			buildSettings = {
				ALWAYS_SEARCH_USER_PATHS = NO;
				CLANG_ANALYZER_NONNULL = YES;
				CLANG_ANALYZER_NUMBER_OBJECT_CONVERSION = YES_AGGRESSIVE;
				CLANG_CXX_LANGUAGE_STANDARD = "gnu++14";
				CLANG_CXX_LIBRARY = "libc++";
				CLANG_ENABLE_MODULES = YES;
				CLANG_ENABLE_OBJC_ARC = YES;
				CLANG_ENABLE_OBJC_WEAK = YES;
				CLANG_WARN_BLOCK_CAPTURE_AUTORELEASING = YES;
				CLANG_WARN_BOOL_CONVERSION = YES;
				CLANG_WARN_COMMA = YES;
				CLANG_WARN_CONSTANT_CONVERSION = YES;
				CLANG_WARN_DEPRECATED_OBJC_IMPLEMENTATIONS = YES;
				CLANG_WARN_DIRECT_OBJC_ISA_USAGE = YES_ERROR;
				CLANG_WARN_DOCUMENTATION_COMMENTS = YES;
				CLANG_WARN_EMPTY_BODY = YES;
				CLANG_WARN_ENUM_CONVERSION = YES;
				CLANG_WARN_INFINITE_RECURSION = YES;
				CLANG_WARN_INT_CONVERSION = YES;
				CLANG_WARN_NON_LITERAL_NULL_CONVERSION = YES;
				CLANG_WARN_OBJC_IMPLICIT_RETAIN_SELF = YES;
				CLANG_WARN_OBJC_LITERAL_CONVERSION = YES;
				CLANG_WARN_OBJC_ROOT_CLASS = YES_ERROR;
				CLANG_WARN_RANGE_LOOP_ANALYSIS = YES;
				CLANG_WARN_STRICT_PROTOTYPES = YES;
				CLANG_WARN_SUSPICIOUS_MOVE = YES;
				CLANG_WARN_UNGUARDED_AVAILABILITY = YES_AGGRESSIVE;
				CLANG_WARN_UNREACHABLE_CODE = YES;
				CLANG_WARN__DUPLICATE_METHOD_MATCH = YES;
				CODE_SIGN_IDENTITY = "iPhone Developer";
				COPY_PHASE_STRIP = NO;
				DEBUG_INFORMATION_FORMAT = dwarf;
				ENABLE_STRICT_OBJC_MSGSEND = YES;
				ENABLE_TESTABILITY = YES;
				GCC_C_LANGUAGE_STANDARD = gnu11;
				GCC_DYNAMIC_NO_PIC = NO;
				GCC_NO_COMMON_BLOCKS = YES;
				GCC_OPTIMIZATION_LEVEL = 0;
				GCC_PREPROCESSOR_DEFINITIONS = (
					"DEBUG=1",
					"$(inherited)",
				);
				GCC_WARN_64_TO_32_BIT_CONVERSION = YES;
				GCC_WARN_ABOUT_RETURN_TYPE = YES_ERROR;
				GCC_WARN_UNDECLARED_SELECTOR = YES;
				GCC_WARN_UNINITIALIZED_AUTOS = YES_AGGRESSIVE;
				GCC_WARN_UNUSED_FUNCTION = YES;
				GCC_WARN_UNUSED_VARIABLE = YES;
				IPHONEOS_DEPLOYMENT_TARGET = 12.1;
				MTL_ENABLE_DEBUG_INFO = INCLUDE_SOURCE;
				MTL_FAST_MATH = YES;
				ONLY_ACTIVE_ARCH = YES;
				SDKROOT = iphoneos;
			};
			name = Debug;
		};
		272F1F8C2191707C00D91831 /* Release */ = {
			isa = XCBuildConfiguration;
			buildSettings = {
				ALWAYS_SEARCH_USER_PATHS = NO;
				CLANG_ANALYZER_NONNULL = YES;
				CLANG_ANALYZER_NUMBER_OBJECT_CONVERSION = YES_AGGRESSIVE;
				CLANG_CXX_LANGUAGE_STANDARD = "gnu++14";
				CLANG_CXX_LIBRARY = "libc++";
				CLANG_ENABLE_MODULES = YES;
				CLANG_ENABLE_OBJC_ARC = YES;
				CLANG_ENABLE_OBJC_WEAK = YES;
				CLANG_WARN_BLOCK_CAPTURE_AUTORELEASING = YES;
				CLANG_WARN_BOOL_CONVERSION = YES;
				CLANG_WARN_COMMA = YES;
				CLANG_WARN_CONSTANT_CONVERSION = YES;
				CLANG_WARN_DEPRECATED_OBJC_IMPLEMENTATIONS = YES;
				CLANG_WARN_DIRECT_OBJC_ISA_USAGE = YES_ERROR;
				CLANG_WARN_DOCUMENTATION_COMMENTS = YES;
				CLANG_WARN_EMPTY_BODY = YES;
				CLANG_WARN_ENUM_CONVERSION = YES;
				CLANG_WARN_INFINITE_RECURSION = YES;
				CLANG_WARN_INT_CONVERSION = YES;
				CLANG_WARN_NON_LITERAL_NULL_CONVERSION = YES;
				CLANG_WARN_OBJC_IMPLICIT_RETAIN_SELF = YES;
				CLANG_WARN_OBJC_LITERAL_CONVERSION = YES;
				CLANG_WARN_OBJC_ROOT_CLASS = YES_ERROR;
				CLANG_WARN_RANGE_LOOP_ANALYSIS = YES;
				CLANG_WARN_STRICT_PROTOTYPES = YES;
				CLANG_WARN_SUSPICIOUS_MOVE = YES;
				CLANG_WARN_UNGUARDED_AVAILABILITY = YES_AGGRESSIVE;
				CLANG_WARN_UNREACHABLE_CODE = YES;
				CLANG_WARN__DUPLICATE_METHOD_MATCH = YES;
				CODE_SIGN_IDENTITY = "iPhone Developer";
				COPY_PHASE_STRIP = NO;
				DEBUG_INFORMATION_FORMAT = "dwarf-with-dsym";
				ENABLE_NS_ASSERTIONS = NO;
				ENABLE_STRICT_OBJC_MSGSEND = YES;
				GCC_C_LANGUAGE_STANDARD = gnu11;
				GCC_NO_COMMON_BLOCKS = YES;
				GCC_WARN_64_TO_32_BIT_CONVERSION = YES;
				GCC_WARN_ABOUT_RETURN_TYPE = YES_ERROR;
				GCC_WARN_UNDECLARED_SELECTOR = YES;
				GCC_WARN_UNINITIALIZED_AUTOS = YES_AGGRESSIVE;
				GCC_WARN_UNUSED_FUNCTION = YES;
				GCC_WARN_UNUSED_VARIABLE = YES;
				IPHONEOS_DEPLOYMENT_TARGET = 12.1;
				MTL_ENABLE_DEBUG_INFO = NO;
				MTL_FAST_MATH = YES;
				SDKROOT = iphoneos;
				VALIDATE_PRODUCT = YES;
			};
			name = Release;
		};
		272F1F8E2191707C00D91831 /* Debug */ = {
			isa = XCBuildConfiguration;
			buildSettings = {
				ASSETCATALOG_COMPILER_APPICON_NAME = AppIcon;
				CODE_SIGN_STYLE = Automatic;
				DEVELOPMENT_TEAM = 3258FK538F;
				INFOPLIST_FILE = Douyin/Info.plist;
				LD_RUNPATH_SEARCH_PATHS = (
					"$(inherited)",
					"@executable_path/Frameworks",
				);
				PRODUCT_BUNDLE_IDENTIFIER = com.jytx.Douyin;
				PRODUCT_NAME = "$(TARGET_NAME)";
				TARGETED_DEVICE_FAMILY = "1,2";
			};
			name = Debug;
		};
		272F1F8F2191707C00D91831 /* Release */ = {
			isa = XCBuildConfiguration;
			buildSettings = {
				ASSETCATALOG_COMPILER_APPICON_NAME = AppIcon;
				CODE_SIGN_STYLE = Automatic;
				DEVELOPMENT_TEAM = 3258FK538F;
				INFOPLIST_FILE = Douyin/Info.plist;
				LD_RUNPATH_SEARCH_PATHS = (
					"$(inherited)",
					"@executable_path/Frameworks",
				);
				PRODUCT_BUNDLE_IDENTIFIER = com.jytx.Douyin;
				PRODUCT_NAME = "$(TARGET_NAME)";
				TARGETED_DEVICE_FAMILY = "1,2";
			};
			name = Release;
		};
		272F1F912191707C00D91831 /* Debug */ = {
			isa = XCBuildConfiguration;
			buildSettings = {
				BUNDLE_LOADER = "$(TEST_HOST)";
				CODE_SIGN_STYLE = Automatic;
				DEVELOPMENT_TEAM = 3258FK538F;
				INFOPLIST_FILE = DouyinTests/Info.plist;
				LD_RUNPATH_SEARCH_PATHS = (
					"$(inherited)",
					"@executable_path/Frameworks",
					"@loader_path/Frameworks",
				);
				PRODUCT_BUNDLE_IDENTIFIER = com.jytx.DouyinTests;
				PRODUCT_NAME = "$(TARGET_NAME)";
				TARGETED_DEVICE_FAMILY = "1,2";
				TEST_HOST = "$(BUILT_PRODUCTS_DIR)/Douyin.app/Douyin";
			};
			name = Debug;
		};
		272F1F922191707C00D91831 /* Release */ = {
			isa = XCBuildConfiguration;
			buildSettings = {
				BUNDLE_LOADER = "$(TEST_HOST)";
				CODE_SIGN_STYLE = Automatic;
				DEVELOPMENT_TEAM = 3258FK538F;
				INFOPLIST_FILE = DouyinTests/Info.plist;
				LD_RUNPATH_SEARCH_PATHS = (
					"$(inherited)",
					"@executable_path/Frameworks",
					"@loader_path/Frameworks",
				);
				PRODUCT_BUNDLE_IDENTIFIER = com.jytx.DouyinTests;
				PRODUCT_NAME = "$(TARGET_NAME)";
				TARGETED_DEVICE_FAMILY = "1,2";
				TEST_HOST = "$(BUILT_PRODUCTS_DIR)/Douyin.app/Douyin";
			};
			name = Release;
		};
		272F1F942191707C00D91831 /* Debug */ = {
			isa = XCBuildConfiguration;
			buildSettings = {
				CODE_SIGN_STYLE = Automatic;
				DEVELOPMENT_TEAM = 3258FK538F;
				INFOPLIST_FILE = DouyinUITests/Info.plist;
				LD_RUNPATH_SEARCH_PATHS = (
					"$(inherited)",
					"@executable_path/Frameworks",
					"@loader_path/Frameworks",
				);
				PRODUCT_BUNDLE_IDENTIFIER = com.jytx.DouyinUITests;
				PRODUCT_NAME = "$(TARGET_NAME)";
				TARGETED_DEVICE_FAMILY = "1,2";
				TEST_TARGET_NAME = Douyin;
			};
			name = Debug;
		};
		272F1F952191707C00D91831 /* Release */ = {
			isa = XCBuildConfiguration;
			buildSettings = {
				CODE_SIGN_STYLE = Automatic;
				DEVELOPMENT_TEAM = 3258FK538F;
				INFOPLIST_FILE = DouyinUITests/Info.plist;
				LD_RUNPATH_SEARCH_PATHS = (
					"$(inherited)",
					"@executable_path/Frameworks",
					"@loader_path/Frameworks",
				);
				PRODUCT_BUNDLE_IDENTIFIER = com.jytx.DouyinUITests;
				PRODUCT_NAME = "$(TARGET_NAME)";
				TARGETED_DEVICE_FAMILY = "1,2";
				TEST_TARGET_NAME = Douyin;
			};
			name = Release;
		};
/* End XCBuildConfiguration section */

/* Begin XCConfigurationList section */
		272F1F5C2191707B00D91831 /* Build configuration list for PBXProject "Douyin" */ = {
			isa = XCConfigurationList;
			buildConfigurations = (
				272F1F8B2191707C00D91831 /* Debug */,
				272F1F8C2191707C00D91831 /* Release */,
			);
			defaultConfigurationIsVisible = 0;
			defaultConfigurationName = Release;
		};
		272F1F8D2191707C00D91831 /* Build configuration list for PBXNativeTarget "Douyin" */ = {
			isa = XCConfigurationList;
			buildConfigurations = (
				272F1F8E2191707C00D91831 /* Debug */,
				272F1F8F2191707C00D91831 /* Release */,
			);
			defaultConfigurationIsVisible = 0;
			defaultConfigurationName = Release;
		};
		272F1F902191707C00D91831 /* Build configuration list for PBXNativeTarget "DouyinTests" */ = {
			isa = XCConfigurationList;
			buildConfigurations = (
				272F1F912191707C00D91831 /* Debug */,
				272F1F922191707C00D91831 /* Release */,
			);
			defaultConfigurationIsVisible = 0;
			defaultConfigurationName = Release;
		};
		272F1F932191707C00D91831 /* Build configuration list for PBXNativeTarget "DouyinUITests" */ = {
			isa = XCConfigurationList;
			buildConfigurations = (
				272F1F942191707C00D91831 /* Debug */,
				272F1F952191707C00D91831 /* Release */,
			);
			defaultConfigurationIsVisible = 0;
			defaultConfigurationName = Release;
		};
/* End XCConfigurationList section */
	};
	rootObject = 272F1F592191707B00D91831 /* Project object */;
}
